<?xml version="1.0" encoding="utf-8"?>
<Project ToolsVersion="4.0" xmlns="http://schemas.microsoft.com/developer/msbuild/2003">
  <ItemGroup>
    <Filter Include="Source Files">
      <UniqueIdentifier>{4FC737F1-C7A5-4376-A066-2A32D752A2FF}</UniqueIdentifier>
      <Extensions>cpp;c;cc;cxx;def;odl;idl;hpj;bat;asm;asmx</Extensions>
    </Filter>
    <Filter Include="Header Files">
      <UniqueIdentifier>{93995380-89BD-4b04-88EB-625FBE52EBFB}</UniqueIdentifier>
      <Extensions>h;hh;hpp;hxx;hm;inl;inc;ipp;xsd</Extensions>
    </Filter>
    <Filter Include="Resource Files">
      <UniqueIdentifier>{67DA6AB6-F800-4c08-8B7A-83BB121AAD01}</UniqueIdentifier>
      <Extensions>rc;ico;cur;bmp;dlg;rc2;rct;bin;rgs;gif;jpg;jpeg;jpe;resx;tiff;tif;png;wav;mfcribbon-ms</Extensions>
    </Filter>
    <Filter Include="AABB">
      <UniqueIdentifier>{0594eef8-51e5-4b70-a928-3def66381f92}</UniqueIdentifier>
    </Filter>
    <Filter Include="Rendering">
      <UniqueIdentifier>{c523d038-cd89-498b-8a79-f43c98386b58}</UniqueIdentifier>
    </Filter>
    <Filter Include="Interfaces">
      <UniqueIdentifier>{0092d31f-8fd7-4f66-9e67-c4a54076bfcd}</UniqueIdentifier>
    </Filter>
    <Filter Include="Components">
      <UniqueIdentifier>{b9799b2b-2d51-4a79-bf0d-d93ec040590b}</UniqueIdentifier>
    </Filter>
    <Filter Include="Components\Graphics">
      <UniqueIdentifier>{a3ac26e0-31b0-442b-81ac-617f1490dcd8}</UniqueIdentifier>
    </Filter>
    <Filter Include="Components\Inputs">
      <UniqueIdentifier>{bffd0f9b-9888-490d-8403-a4d2fffedb11}</UniqueIdentifier>
    </Filter>
    <Filter Include="Components\Particle Systems">
      <UniqueIdentifier>{c9cdd106-13ec-40d5-96c1-bead1eb829a6}</UniqueIdentifier>
    </Filter>
    <Filter Include="Components\Graphics\Model">
      <UniqueIdentifier>{d5239718-c3ec-4ee7-bde5-909fa446108c}</UniqueIdentifier>
    </Filter>
    <Filter Include="Components\AI">
      <UniqueIdentifier>{f08caeb6-0699-4b16-bf14-a26146a4dad1}</UniqueIdentifier>
    </Filter>
    <Filter Include="Components\Physics">
      <UniqueIdentifier>{ce3ca5a9-881a-45b3-bf85-aa285b079f29}</UniqueIdentifier>
    </Filter>
    <Filter Include="Components\Colliders">
      <UniqueIdentifier>{be66eacd-28f7-4d44-b554-e66087fbfecf}</UniqueIdentifier>
    </Filter>
  </ItemGroup>
  <ItemGroup>
    <ClCompile Include="Main.cpp">
      <Filter>Source Files</Filter>
    </ClCompile>
    <ClCompile Include="AABB.cpp">
      <Filter>AABB</Filter>
    </ClCompile>
    <ClCompile Include="AABB_Tree.cpp">
      <Filter>AABB</Filter>
    </ClCompile>
    <ClCompile Include="Texture.cpp">
      <Filter>Rendering</Filter>
    </ClCompile>
    <ClCompile Include="Render.cpp">
      <Filter>Rendering</Filter>
    </ClCompile>
    <ClCompile Include="glad.c">
      <Filter>Resource Files</Filter>
    </ClCompile>
    <ClCompile Include="GameObject.cpp">
      <Filter>Source Files</Filter>
    </ClCompile>
    <ClCompile Include="Transform.cpp">
      <Filter>Components</Filter>
    </ClCompile>
    <ClCompile Include="Player_Camera.cpp">
      <Filter>Components\Inputs</Filter>
    </ClCompile>
    <ClCompile Include="Player_Keyboard.cpp">
      <Filter>Components\Inputs</Filter>
    </ClCompile>
    <ClCompile Include="Rigid_Body_Physics.cpp">
      <Filter>Components\Physics</Filter>
    </ClCompile>
    <ClCompile Include="Mesh.cpp">
      <Filter>Components\Graphics\Model</Filter>
    </ClCompile>
    <ClCompile Include="Model.cpp">
      <Filter>Components\Graphics\Model</Filter>
    </ClCompile>
    <ClCompile Include="PE_Explosion.cpp">
      <Filter>Components\Particle Systems</Filter>
    </ClCompile>
    <ClCompile Include="AI_Chase.cpp">
      <Filter>Components\AI</Filter>
    </ClCompile>
    <ClCompile Include="Pathfinding.cpp">
      <Filter>Source Files</Filter>
    </ClCompile>
    <ClCompile Include="World.cpp">
      <Filter>Source Files</Filter>
    </ClCompile>
    <ClCompile Include="AI_Pathfinder.cpp">
      <Filter>Components\AI</Filter>
    </ClCompile>
    <ClCompile Include="Collisions.cpp">
      <Filter>Components\Colliders</Filter>
    </ClCompile>
  </ItemGroup>
  <ItemGroup>
    <ClInclude Include="Main.h">
      <Filter>Header Files</Filter>
    </ClInclude>
    <ClInclude Include="AABB_Tree.h">
      <Filter>AABB</Filter>
    </ClInclude>
    <ClInclude Include="AABB.h">
      <Filter>AABB</Filter>
    </ClInclude>
    <ClInclude Include="Texture.h">
      <Filter>Rendering</Filter>
    </ClInclude>
    <ClInclude Include="Shader.h">
      <Filter>Rendering</Filter>
    </ClInclude>
    <ClInclude Include="Render.h">
      <Filter>Rendering</Filter>
    </ClInclude>
    <ClInclude Include="GameObject.h">
      <Filter>Header Files</Filter>
    </ClInclude>
    <ClInclude Include="I_AABB.h">
      <Filter>Interfaces</Filter>
    </ClInclude>
    <ClInclude Include="I_Input.h">
      <Filter>Interfaces</Filter>
    </ClInclude>
    <ClInclude Include="I_Physics.h">
      <Filter>Interfaces</Filter>
    </ClInclude>
    <ClInclude Include="I_Graphics.h">
      <Filter>Interfaces</Filter>
    </ClInclude>
    <ClInclude Include="I_Component.h">
      <Filter>Interfaces</Filter>
    </ClInclude>
    <ClInclude Include="Transform.h">
      <Filter>Components</Filter>
    </ClInclude>
    <ClInclude Include="I_Camera.h">
      <Filter>Interfaces</Filter>
    </ClInclude>
    <ClInclude Include="Player_Camera.h">
      <Filter>Components\Inputs</Filter>
    </ClInclude>
    <ClInclude Include="Player_Keyboard.h">
      <Filter>Components\Inputs</Filter>
    </ClInclude>
    <ClInclude Include="Rigid_Body_Physics.h">
      <Filter>Components\Physics</Filter>
    </ClInclude>
    <ClInclude Include="I_Emitter.h">
      <Filter>Interfaces</Filter>
    </ClInclude>
    <ClInclude Include="Model.h">
      <Filter>Components\Graphics\Model</Filter>
    </ClInclude>
    <ClInclude Include="Mesh.h">
      <Filter>Components\Graphics\Model</Filter>
    </ClInclude>
    <ClInclude Include="PE_Explosion.h">
      <Filter>Components\Particle Systems</Filter>
    </ClInclude>
    <ClInclude Include="Store.h">
      <Filter>Components</Filter>
    </ClInclude>
    <ClInclude Include="I_AI.h">
      <Filter>Interfaces</Filter>
    </ClInclude>
    <ClInclude Include="AI_Chase.h">
      <Filter>Components\AI</Filter>
    </ClInclude>
    <ClInclude Include="Pathfinding.h">
      <Filter>Header Files</Filter>
    </ClInclude>
    <ClInclude Include="World.h">
      <Filter>Header Files</Filter>
    </ClInclude>
    <ClInclude Include="AI_Pathfinder.h">
      <Filter>Components\AI</Filter>
    </ClInclude>
    <ClInclude Include="I_Collider.h">
      <Filter>Interfaces</Filter>
    </ClInclude>
    <ClInclude Include="Collisions.h">
      <Filter>Components\Colliders</Filter>
    </ClInclude>
  </ItemGroup>
  <ItemGroup>
    <None Include="packages.config" />
    <None Include="shader_fragment.fs">
      <Filter>Rendering</Filter>
    </None>
    <None Include="shader_vertex.vs">
      <Filter>Rendering</Filter>
    </None>
  </ItemGroup>
</Project>